
Microsoft Visual Studio Solution File, Format Version 12.00
# Visual Studio Version 16
VisualStudioVersion = 16.0.29613.14
MinimumVisualStudioVersion = 10.0.40219.1
Project("{FAE04EC0-301F-11D3-BF4B-00C04F79EFBC}") = "PortAssistant", "WindowsFormsApp1\PortAssistant.csproj", "{B8ECDB61-4D59-40D4-9712-B9413259FE08}"
EndProject
Global
	GlobalSection(SolutionConfigurationPlatforms) = preSolution
		Debug|Any CPU = Debug|Any CPU
		Release|Any CPU = Release|Any CPU
	EndGlobalSection
	GlobalSection(ProjectConfigurationPlatforms) = postSolution
		{B8ECDB61-4D59-40D4-9712-B9413259FE08}.Debug|Any CPU.ActiveCfg = Debug|Any CPU
		{B8ECDB61-4D59-40D4-9712-B9413259FE08}.Debug|Any CPU.Build.0 = Debug|Any CPU
		{B8ECDB61-4D59-40D4-9712-B9413259FE08}.Release|Any CPU.ActiveCfg = Release|Any CPU
		{B8ECDB61-4D59-40D4-9712-B9413259FE08}.Release|Any CPU.Build.0 = Release|Any CPU
	EndGlobalSection
	GlobalSection(SolutionProperties) = preSolution
		HideSolutionNode = FALSE
	EndGlobalSection
	GlobalSection(ExtensibilityGlobals) = postSolution
		SolutionGuid = {0DDC2787-FFB2-405B-BFCB-82ECC646EBC3}
	EndGlobalSection
EndGlobal
